{
  "lockfileVersion": 1,
  "workspaces": {
    "": {
      "dependencies": {
        "@anthropic-ai/sdk": "^0.71.2",
        "@anthropic-ai/tokenizer": "^0.0.4",
        "@toon-format/toon": "^2.1.0",
        "smol-toml": "^1.6.0",
        "yaml": "^2.8.2",
      },
    },
  },
  "packages": {
    "@anthropic-ai/sdk": ["@anthropic-ai/sdk@0.71.2", "", { "dependencies": { "json-schema-to-ts": "^3.1.1" }, "peerDependencies": { "zod": "^3.25.0 || ^4.0.0" }, "optionalPeers": ["zod"], "bin": { "anthropic-ai-sdk": "bin/cli" } }, "sha512-TGNDEUuEstk/DKu0/TflXAEt+p+p/WhTlFzEnoosvbaDU2LTjm42igSdlL0VijrKpWejtOKxX0b8A7uc+XiSAQ=="],

    "@anthropic-ai/tokenizer": ["@anthropic-ai/tokenizer@0.0.4", "", { "dependencies": { "@types/node": "^18.11.18", "tiktoken": "^1.0.10" } }, "sha512-EHRKbxlxlc8W4KCBEseByJ7YwyYCmgu9OyN59H9+IYIGPoKv8tXyQXinkeGDI+cI8Tiuz9wk2jZb/kK7AyvL7g=="],

    "@babel/runtime": ["@babel/runtime@7.28.4", "", {}, "sha512-Q/N6JNWvIvPnLDvjlE1OUBLPQHH6l3CltCEsHIujp45zQUSSh8K+gHnaEX45yAT1nyngnINhvWtzN+Nb9D8RAQ=="],

    "@toon-format/toon": ["@toon-format/toon@2.1.0", "", {}, "sha512-JwWptdF5eOA0HaQxbKAzkpQtR4wSWTEfDlEy/y3/4okmOAX1qwnpLZMmtEWr+ncAhTTY1raCKH0kteHhSXnQqg=="],

    "@types/node": ["@types/node@18.19.130", "", { "dependencies": { "undici-types": "~5.26.4" } }, "sha512-GRaXQx6jGfL8sKfaIDD6OupbIHBr9jv7Jnaml9tB7l4v068PAOXqfcujMMo5PhbIs6ggR1XODELqahT2R8v0fg=="],

    "json-schema-to-ts": ["json-schema-to-ts@3.1.1", "", { "dependencies": { "@babel/runtime": "^7.18.3", "ts-algebra": "^2.0.0" } }, "sha512-+DWg8jCJG2TEnpy7kOm/7/AxaYoaRbjVB4LFZLySZlWn8exGs3A4OLJR966cVvU26N7X9TWxl+Jsw7dzAqKT6g=="],

    "smol-toml": ["smol-toml@1.6.0", "", {}, "sha512-4zemZi0HvTnYwLfrpk/CF9LOd9Lt87kAt50GnqhMpyF9U3poDAP2+iukq2bZsO/ufegbYehBkqINbsWxj4l4cw=="],

    "tiktoken": ["tiktoken@1.0.22", "", {}, "sha512-PKvy1rVF1RibfF3JlXBSP0Jrcw2uq3yXdgcEXtKTYn3QJ/cBRBHDnrJ5jHky+MENZ6DIPwNUGWpkVx+7joCpNA=="],

    "ts-algebra": ["ts-algebra@2.0.0", "", {}, "sha512-FPAhNPFMrkwz76P7cdjdmiShwMynZYN6SgOujD1urY4oNm80Ou9oMdmbR45LotcKOXoy7wSmHkRFE6Mxbrhefw=="],

    "undici-types": ["undici-types@5.26.5", "", {}, "sha512-JlCMO+ehdEIKqlFxk6IfVoAUVmgz7cU7zD/h9XZ0qzeosSHmUJVOzSQvvYSYWXkFXC+IfLKSIffhv0sVZup6pA=="],

    "yaml": ["yaml@2.8.2", "", { "bin": { "yaml": "bin.mjs" } }, "sha512-mplynKqc1C2hTVYxd0PU2xQAc22TI1vShAYGksCCfxbn/dFwnHTNi1bvYsBTkhdUNtGIf5xNOg938rrSSYvS9A=="],
  }
}
